
Microsoft Visual Studio Solution File, Format Version 11.00
# Visual Studio 2010
Project("{FAE04EC0-301F-11D3-BF4B-00C04F79EFBC}") = "Mirror", "Mirror.csproj", "{1214FE67-648E-CFE0-DB9C-4C014AF072B7}"
EndProject
Project("{FAE04EC0-301F-11D3-BF4B-00C04F79EFBC}") = "Assembly-CSharp", "Assembly-CSharp.csproj", "{F57CBF97-DD2E-6BEB-9E12-1C671062D3E5}"
EndProject
Project("{FAE04EC0-301F-11D3-BF4B-00C04F79EFBC}") = "Mirror.Examples", "Mirror.Examples.csproj", "{522B2205-D71D-AD53-3D67-D2F3801B2359}"
EndProject
Project("{FAE04EC0-301F-11D3-BF4B-00C04F79EFBC}") = "Mirror.Components", "Mirror.Components.csproj", "{0C39153D-65FB-0386-2254-68AD5690E917}"
EndProject
Project("{FAE04EC0-301F-11D3-BF4B-00C04F79EFBC}") = "Mirror.Authenticators", "Mirror.Authenticators.csproj", "{15DBC24C-3D91-C624-2E7A-16E3CF41C219}"
EndProject
Project("{FAE04EC0-301F-11D3-BF4B-00C04F79EFBC}") = "Mirror.Weaver", "Mirror.Weaver.csproj", "{E6EC324A-4351-D8F7-44D3-D56367C1E629}"
EndProject
Project("{FAE04EC0-301F-11D3-BF4B-00C04F79EFBC}") = "Mirror.Editor", "Mirror.Editor.csproj", "{B2DC3AB6-5E34-52CC-20FF-DFCAAA098C66}"
EndProject
Global
	GlobalSection(SolutionConfigurationPlatforms) = preSolution
		Debug|Any CPU = Debug|Any CPU
		Release|Any CPU = Release|Any CPU
	EndGlobalSection
	GlobalSection(ProjectConfigurationPlatforms) = postSolution
		{1214FE67-648E-CFE0-DB9C-4C014AF072B7}.Debug|Any CPU.ActiveCfg = Debug|Any CPU
		{1214FE67-648E-CFE0-DB9C-4C014AF072B7}.Debug|Any CPU.Build.0 = Debug|Any CPU
		{1214FE67-648E-CFE0-DB9C-4C014AF072B7}.Release|Any CPU.ActiveCfg = Release|Any CPU
		{1214FE67-648E-CFE0-DB9C-4C014AF072B7}.Release|Any CPU.Build.0 = Release|Any CPU
		{F57CBF97-DD2E-6BEB-9E12-1C671062D3E5}.Debug|Any CPU.ActiveCfg = Debug|Any CPU
		{F57CBF97-DD2E-6BEB-9E12-1C671062D3E5}.Debug|Any CPU.Build.0 = Debug|Any CPU
		{F57CBF97-DD2E-6BEB-9E12-1C671062D3E5}.Release|Any CPU.ActiveCfg = Release|Any CPU
		{F57CBF97-DD2E-6BEB-9E12-1C671062D3E5}.Release|Any CPU.Build.0 = Release|Any CPU
		{522B2205-D71D-AD53-3D67-D2F3801B2359}.Debug|Any CPU.ActiveCfg = Debug|Any CPU
		{522B2205-D71D-AD53-3D67-D2F3801B2359}.Debug|Any CPU.Build.0 = Debug|Any CPU
		{522B2205-D71D-AD53-3D67-D2F3801B2359}.Release|Any CPU.ActiveCfg = Release|Any CPU
		{522B2205-D71D-AD53-3D67-D2F3801B2359}.Release|Any CPU.Build.0 = Release|Any CPU
		{0C39153D-65FB-0386-2254-68AD5690E917}.Debug|Any CPU.ActiveCfg = Debug|Any CPU
		{0C39153D-65FB-0386-2254-68AD5690E917}.Debug|Any CPU.Build.0 = Debug|Any CPU
		{0C39153D-65FB-0386-2254-68AD5690E917}.Release|Any CPU.ActiveCfg = Release|Any CPU
		{0C39153D-65FB-0386-2254-68AD5690E917}.Release|Any CPU.Build.0 = Release|Any CPU
		{15DBC24C-3D91-C624-2E7A-16E3CF41C219}.Debug|Any CPU.ActiveCfg = Debug|Any CPU
		{15DBC24C-3D91-C624-2E7A-16E3CF41C219}.Debug|Any CPU.Build.0 = Debug|Any CPU
		{15DBC24C-3D91-C624-2E7A-16E3CF41C219}.Release|Any CPU.ActiveCfg = Release|Any CPU
		{15DBC24C-3D91-C624-2E7A-16E3CF41C219}.Release|Any CPU.Build.0 = Release|Any CPU
		{E6EC324A-4351-D8F7-44D3-D56367C1E629}.Debug|Any CPU.ActiveCfg = Debug|Any CPU
		{E6EC324A-4351-D8F7-44D3-D56367C1E629}.Debug|Any CPU.Build.0 = Debug|Any CPU
		{E6EC324A-4351-D8F7-44D3-D56367C1E629}.Release|Any CPU.ActiveCfg = Release|Any CPU
		{E6EC324A-4351-D8F7-44D3-D56367C1E629}.Release|Any CPU.Build.0 = Release|Any CPU
		{B2DC3AB6-5E34-52CC-20FF-DFCAAA098C66}.Debug|Any CPU.ActiveCfg = Debug|Any CPU
		{B2DC3AB6-5E34-52CC-20FF-DFCAAA098C66}.Debug|Any CPU.Build.0 = Debug|Any CPU
		{B2DC3AB6-5E34-52CC-20FF-DFCAAA098C66}.Release|Any CPU.ActiveCfg = Release|Any CPU
		{B2DC3AB6-5E34-52CC-20FF-DFCAAA098C66}.Release|Any CPU.Build.0 = Release|Any CPU
	EndGlobalSection
	GlobalSection(SolutionProperties) = preSolution
		HideSolutionNode = FALSE
	EndGlobalSection
EndGlobal
