
Microsoft Visual Studio Solution File, Format Version 11.00
# Visual Studio 2010
Project("{FAE04EC0-301F-11D3-BF4B-00C04F79EFBC}") = "Mirror", "Mirror.csproj", "{AC41F754-AE2C-06B9-B47E-6B0DBB763DB8}"
EndProject
Project("{FAE04EC0-301F-11D3-BF4B-00C04F79EFBC}") = "Assembly-CSharp", "Assembly-CSharp.csproj", "{EDABB6A3-CBAB-C0CA-1580-FD96660C2DE4}"
EndProject
Project("{FAE04EC0-301F-11D3-BF4B-00C04F79EFBC}") = "Mirror.Examples", "Mirror.Examples.csproj", "{D40953D5-CB63-E3B0-2D44-CACA8D0BAF1A}"
EndProject
Project("{FAE04EC0-301F-11D3-BF4B-00C04F79EFBC}") = "Mirror.Components", "Mirror.Components.csproj", "{D664523C-53D5-099B-FDFC-D8E4D9406E14}"
EndProject
Project("{FAE04EC0-301F-11D3-BF4B-00C04F79EFBC}") = "Mirror.Authenticators", "Mirror.Authenticators.csproj", "{CE3A7785-FD80-866E-2D37-5324BBC1CF9A}"
EndProject
Project("{FAE04EC0-301F-11D3-BF4B-00C04F79EFBC}") = "Mirror.Weaver", "Mirror.Weaver.csproj", "{A736360E-B366-6D37-F3AC-73FE219DF177}"
EndProject
Project("{FAE04EC0-301F-11D3-BF4B-00C04F79EFBC}") = "Mirror.Editor", "Mirror.Editor.csproj", "{F312BF35-ECFB-F13D-7015-EE647E878E23}"
EndProject
Global
	GlobalSection(SolutionConfigurationPlatforms) = preSolution
		Debug|Any CPU = Debug|Any CPU
		Release|Any CPU = Release|Any CPU
	EndGlobalSection
	GlobalSection(ProjectConfigurationPlatforms) = postSolution
		{AC41F754-AE2C-06B9-B47E-6B0DBB763DB8}.Debug|Any CPU.ActiveCfg = Debug|Any CPU
		{AC41F754-AE2C-06B9-B47E-6B0DBB763DB8}.Debug|Any CPU.Build.0 = Debug|Any CPU
		{AC41F754-AE2C-06B9-B47E-6B0DBB763DB8}.Release|Any CPU.ActiveCfg = Release|Any CPU
		{AC41F754-AE2C-06B9-B47E-6B0DBB763DB8}.Release|Any CPU.Build.0 = Release|Any CPU
		{EDABB6A3-CBAB-C0CA-1580-FD96660C2DE4}.Debug|Any CPU.ActiveCfg = Debug|Any CPU
		{EDABB6A3-CBAB-C0CA-1580-FD96660C2DE4}.Debug|Any CPU.Build.0 = Debug|Any CPU
		{EDABB6A3-CBAB-C0CA-1580-FD96660C2DE4}.Release|Any CPU.ActiveCfg = Release|Any CPU
		{EDABB6A3-CBAB-C0CA-1580-FD96660C2DE4}.Release|Any CPU.Build.0 = Release|Any CPU
		{D40953D5-CB63-E3B0-2D44-CACA8D0BAF1A}.Debug|Any CPU.ActiveCfg = Debug|Any CPU
		{D40953D5-CB63-E3B0-2D44-CACA8D0BAF1A}.Debug|Any CPU.Build.0 = Debug|Any CPU
		{D40953D5-CB63-E3B0-2D44-CACA8D0BAF1A}.Release|Any CPU.ActiveCfg = Release|Any CPU
		{D40953D5-CB63-E3B0-2D44-CACA8D0BAF1A}.Release|Any CPU.Build.0 = Release|Any CPU
		{D664523C-53D5-099B-FDFC-D8E4D9406E14}.Debug|Any CPU.ActiveCfg = Debug|Any CPU
		{D664523C-53D5-099B-FDFC-D8E4D9406E14}.Debug|Any CPU.Build.0 = Debug|Any CPU
		{D664523C-53D5-099B-FDFC-D8E4D9406E14}.Release|Any CPU.ActiveCfg = Release|Any CPU
		{D664523C-53D5-099B-FDFC-D8E4D9406E14}.Release|Any CPU.Build.0 = Release|Any CPU
		{CE3A7785-FD80-866E-2D37-5324BBC1CF9A}.Debug|Any CPU.ActiveCfg = Debug|Any CPU
		{CE3A7785-FD80-866E-2D37-5324BBC1CF9A}.Debug|Any CPU.Build.0 = Debug|Any CPU
		{CE3A7785-FD80-866E-2D37-5324BBC1CF9A}.Release|Any CPU.ActiveCfg = Release|Any CPU
		{CE3A7785-FD80-866E-2D37-5324BBC1CF9A}.Release|Any CPU.Build.0 = Release|Any CPU
		{A736360E-B366-6D37-F3AC-73FE219DF177}.Debug|Any CPU.ActiveCfg = Debug|Any CPU
		{A736360E-B366-6D37-F3AC-73FE219DF177}.Debug|Any CPU.Build.0 = Debug|Any CPU
		{A736360E-B366-6D37-F3AC-73FE219DF177}.Release|Any CPU.ActiveCfg = Release|Any CPU
		{A736360E-B366-6D37-F3AC-73FE219DF177}.Release|Any CPU.Build.0 = Release|Any CPU
		{F312BF35-ECFB-F13D-7015-EE647E878E23}.Debug|Any CPU.ActiveCfg = Debug|Any CPU
		{F312BF35-ECFB-F13D-7015-EE647E878E23}.Debug|Any CPU.Build.0 = Debug|Any CPU
		{F312BF35-ECFB-F13D-7015-EE647E878E23}.Release|Any CPU.ActiveCfg = Release|Any CPU
		{F312BF35-ECFB-F13D-7015-EE647E878E23}.Release|Any CPU.Build.0 = Release|Any CPU
	EndGlobalSection
	GlobalSection(SolutionProperties) = preSolution
		HideSolutionNode = FALSE
	EndGlobalSection
EndGlobal
